# This file is automatically @generated by Cargo.
# It is not intended for manual editing.
version = 3

[[package]]
name = "echo_server"
version = "0.1.0"
dependencies = [
 "wasmedge_wasi_socket",
]

[[package]]
name = "libc"
version = "0.2.126"
source = "registry+https://github.com/rust-lang/crates.io-index"
checksum = "349d5a591cd28b49e1d1037471617a32ddcda5731b99419008085f72d5a53836"

[[package]]
name = "wasmedge_wasi_socket"
version = "0.3.3"
source = "registry+https://github.com/rust-lang/crates.io-index"
checksum = "eb41739584c392c2eb20cb11bdabfd656ad1aab6b7e6c60139fce82b08250344"
dependencies = [
 "libc",
]
